// !$*UTF8*$!
{
	archiveVersion = 1;
	classes = {
	};
	objectVersion = 50;
	objects = {

/* Begin PBXBuildFile section */
		E14D30582364533E00FB79BF /* Localizable.strings in Resources */ = {isa = PBXBuildFile; fileRef = E14D305A2364533E00FB79BF /* Localizable.strings */; };
		E14D305F23646EB100FB79BF /* TripsView.swift in Sources */ = {isa = PBXBuildFile; fileRef = E14D305E23646EB100FB79BF /* TripsView.swift */; };
		E14D306123646EF300FB79BF /* ContactsView.swift in Sources */ = {isa = PBXBuildFile; fileRef = E14D306023646EF300FB79BF /* ContactsView.swift */; };
		E14D306323646F0000FB79BF /* SettingsView.swift in Sources */ = {isa = PBXBuildFile; fileRef = E14D306223646F0000FB79BF /* SettingsView.swift */; };
		E14D306623647D6000FB79BF /* AddressInput.swift in Sources */ = {isa = PBXBuildFile; fileRef = E14D306523647D6000FB79BF /* AddressInput.swift */; };
		E14D3068236480CC00FB79BF /* UserLocation.swift in Sources */ = {isa = PBXBuildFile; fileRef = E14D3067236480CC00FB79BF /* UserLocation.swift */; };
		E14D306C2364818A00FB79BF /* InputLabel.swift in Sources */ = {isa = PBXBuildFile; fileRef = E14D306B2364818A00FB79BF /* InputLabel.swift */; };
		E14D306F2364E2FA00FB79BF /* EditContact.swift in Sources */ = {isa = PBXBuildFile; fileRef = E14D306E2364E2FA00FB79BF /* EditContact.swift */; };
		E14D30712364E46700FB79BF /* ContactRow.swift in Sources */ = {isa = PBXBuildFile; fileRef = E14D30702364E46700FB79BF /* ContactRow.swift */; };
		E14D30992365AB2F00FB79BF /* Rejsebuddy.xcdatamodeld in Sources */ = {isa = PBXBuildFile; fileRef = E14D30972365AB2F00FB79BF /* Rejsebuddy.xcdatamodeld */; };
		E14D309C2365AF3200FB79BF /* Contact.swift in Sources */ = {isa = PBXBuildFile; fileRef = E14D309B2365AF3200FB79BF /* Contact.swift */; };
		E14D309E2365AFF800FB79BF /* Model.swift in Sources */ = {isa = PBXBuildFile; fileRef = E14D309D2365AFF800FB79BF /* Model.swift */; };
		E14D30A02365D35000FB79BF /* Input.swift in Sources */ = {isa = PBXBuildFile; fileRef = E14D309F2365D35000FB79BF /* Input.swift */; };
		E150905523644840009178AA /* AppDelegate.swift in Sources */ = {isa = PBXBuildFile; fileRef = E150905423644840009178AA /* AppDelegate.swift */; };
		E150905723644840009178AA /* SceneDelegate.swift in Sources */ = {isa = PBXBuildFile; fileRef = E150905623644840009178AA /* SceneDelegate.swift */; };
		E150905923644840009178AA /* ContentView.swift in Sources */ = {isa = PBXBuildFile; fileRef = E150905823644840009178AA /* ContentView.swift */; };
		E150905B23644842009178AA /* Assets.xcassets in Resources */ = {isa = PBXBuildFile; fileRef = E150905A23644842009178AA /* Assets.xcassets */; };
		E150905E23644842009178AA /* Preview Assets.xcassets in Resources */ = {isa = PBXBuildFile; fileRef = E150905D23644842009178AA /* Preview Assets.xcassets */; };
		E150906123644842009178AA /* LaunchScreen.storyboard in Resources */ = {isa = PBXBuildFile; fileRef = E150905F23644842009178AA /* LaunchScreen.storyboard */; };
		E172A783236641DB005BD166 /* Keyboard.swift in Sources */ = {isa = PBXBuildFile; fileRef = E172A782236641DB005BD166 /* Keyboard.swift */; };
		E172A78623670CCB005BD166 /* ContactsSeeder.swift in Sources */ = {isa = PBXBuildFile; fileRef = E172A78523670CCB005BD166 /* ContactsSeeder.swift */; };
		E172A78823671FE7005BD166 /* LocationManager.swift in Sources */ = {isa = PBXBuildFile; fileRef = E172A78723671FE7005BD166 /* LocationManager.swift */; };
		E172A78D23688F2C005BD166 /* Address.swift in Sources */ = {isa = PBXBuildFile; fileRef = E172A78C23688F2C005BD166 /* Address.swift */; };
		E1C272E3238C7D86003E3654 /* SelectAddress.swift in Sources */ = {isa = PBXBuildFile; fileRef = E1C272E2238C7D86003E3654 /* SelectAddress.swift */; };
		E1C272E5238C8171003E3654 /* SearchBar.swift in Sources */ = {isa = PBXBuildFile; fileRef = E1C272E4238C8171003E3654 /* SearchBar.swift */; };
		E1C272E8238C8A52003E3654 /* SearchLocations.swift in Sources */ = {isa = PBXBuildFile; fileRef = E1C272E7238C8A52003E3654 /* SearchLocations.swift */; };
		E1C272EC238C8AB7003E3654 /* RPLocation.swift in Sources */ = {isa = PBXBuildFile; fileRef = E1C272EB238C8AB7003E3654 /* RPLocation.swift */; };
		E1C272EE238C8B56003E3654 /* Consumer.swift in Sources */ = {isa = PBXBuildFile; fileRef = E1C272ED238C8B56003E3654 /* Consumer.swift */; };
		E1C272F0238CA1B9003E3654 /* RPLocationList.swift in Sources */ = {isa = PBXBuildFile; fileRef = E1C272EF238CA1B9003E3654 /* RPLocationList.swift */; };
		E1C272F4238CA32A003E3654 /* LocationRow.swift in Sources */ = {isa = PBXBuildFile; fileRef = E1C272F3238CA32A003E3654 /* LocationRow.swift */; };
/* End PBXBuildFile section */

/* Begin PBXFileReference section */
		E14D305B2364535900FB79BF /* da */ = {isa = PBXFileReference; lastKnownFileType = text.plist.strings; name = da; path = da.lproj/Localizable.strings; sourceTree = "<group>"; };
		E14D305E23646EB100FB79BF /* TripsView.swift */ = {isa = PBXFileReference; lastKnownFileType = sourcecode.swift; path = TripsView.swift; sourceTree = "<group>"; };
		E14D306023646EF300FB79BF /* ContactsView.swift */ = {isa = PBXFileReference; lastKnownFileType = sourcecode.swift; path = ContactsView.swift; sourceTree = "<group>"; };
		E14D306223646F0000FB79BF /* SettingsView.swift */ = {isa = PBXFileReference; lastKnownFileType = sourcecode.swift; path = SettingsView.swift; sourceTree = "<group>"; };
		E14D306523647D6000FB79BF /* AddressInput.swift */ = {isa = PBXFileReference; lastKnownFileType = sourcecode.swift; path = AddressInput.swift; sourceTree = "<group>"; };
		E14D3067236480CC00FB79BF /* UserLocation.swift */ = {isa = PBXFileReference; lastKnownFileType = sourcecode.swift; path = UserLocation.swift; sourceTree = "<group>"; };
		E14D306B2364818A00FB79BF /* InputLabel.swift */ = {isa = PBXFileReference; lastKnownFileType = sourcecode.swift; path = InputLabel.swift; sourceTree = "<group>"; };
		E14D306E2364E2FA00FB79BF /* EditContact.swift */ = {isa = PBXFileReference; lastKnownFileType = sourcecode.swift; path = EditContact.swift; sourceTree = "<group>"; };
		E14D30702364E46700FB79BF /* ContactRow.swift */ = {isa = PBXFileReference; lastKnownFileType = sourcecode.swift; path = ContactRow.swift; sourceTree = "<group>"; };
		E14D30982365AB2F00FB79BF /* Rejsebuddy.xcdatamodel */ = {isa = PBXFileReference; lastKnownFileType = wrapper.xcdatamodel; path = Rejsebuddy.xcdatamodel; sourceTree = "<group>"; };
		E14D309B2365AF3200FB79BF /* Contact.swift */ = {isa = PBXFileReference; lastKnownFileType = sourcecode.swift; path = Contact.swift; sourceTree = "<group>"; };
		E14D309D2365AFF800FB79BF /* Model.swift */ = {isa = PBXFileReference; lastKnownFileType = sourcecode.swift; path = Model.swift; sourceTree = "<group>"; };
		E14D309F2365D35000FB79BF /* Input.swift */ = {isa = PBXFileReference; lastKnownFileType = sourcecode.swift; path = Input.swift; sourceTree = "<group>"; };
		E150905123644840009178AA /* Rejsebuddy.app */ = {isa = PBXFileReference; explicitFileType = wrapper.application; includeInIndex = 0; path = Rejsebuddy.app; sourceTree = BUILT_PRODUCTS_DIR; };
		E150905423644840009178AA /* AppDelegate.swift */ = {isa = PBXFileReference; lastKnownFileType = sourcecode.swift; path = AppDelegate.swift; sourceTree = "<group>"; };
		E150905623644840009178AA /* SceneDelegate.swift */ = {isa = PBXFileReference; lastKnownFileType = sourcecode.swift; path = SceneDelegate.swift; sourceTree = "<group>"; };
		E150905823644840009178AA /* ContentView.swift */ = {isa = PBXFileReference; lastKnownFileType = sourcecode.swift; path = ContentView.swift; sourceTree = "<group>"; };
		E150905A23644842009178AA /* Assets.xcassets */ = {isa = PBXFileReference; lastKnownFileType = folder.assetcatalog; path = Assets.xcassets; sourceTree = "<group>"; };
		E150905D23644842009178AA /* Preview Assets.xcassets */ = {isa = PBXFileReference; lastKnownFileType = folder.assetcatalog; path = "Preview Assets.xcassets"; sourceTree = "<group>"; };
		E150906023644842009178AA /* Base */ = {isa = PBXFileReference; lastKnownFileType = file.storyboard; name = Base; path = Base.lproj/LaunchScreen.storyboard; sourceTree = "<group>"; };
		E150906223644842009178AA /* Info.plist */ = {isa = PBXFileReference; lastKnownFileType = text.plist.xml; path = Info.plist; sourceTree = "<group>"; };
		E172A782236641DB005BD166 /* Keyboard.swift */ = {isa = PBXFileReference; lastKnownFileType = sourcecode.swift; path = Keyboard.swift; sourceTree = "<group>"; };
		E172A78523670CCB005BD166 /* ContactsSeeder.swift */ = {isa = PBXFileReference; lastKnownFileType = sourcecode.swift; path = ContactsSeeder.swift; sourceTree = "<group>"; };
		E172A78723671FE7005BD166 /* LocationManager.swift */ = {isa = PBXFileReference; lastKnownFileType = sourcecode.swift; path = LocationManager.swift; sourceTree = "<group>"; };
		E172A78A23672980005BD166 /* CoreLocation.framework */ = {isa = PBXFileReference; lastKnownFileType = wrapper.framework; name = CoreLocation.framework; path = System/Library/Frameworks/CoreLocation.framework; sourceTree = SDKROOT; };
		E172A78C23688F2C005BD166 /* Address.swift */ = {isa = PBXFileReference; lastKnownFileType = sourcecode.swift; path = Address.swift; sourceTree = "<group>"; };
		E1C272E2238C7D86003E3654 /* SelectAddress.swift */ = {isa = PBXFileReference; lastKnownFileType = sourcecode.swift; path = SelectAddress.swift; sourceTree = "<group>"; };
		E1C272E4238C8171003E3654 /* SearchBar.swift */ = {isa = PBXFileReference; lastKnownFileType = sourcecode.swift; path = SearchBar.swift; sourceTree = "<group>"; };
		E1C272E7238C8A52003E3654 /* SearchLocations.swift */ = {isa = PBXFileReference; lastKnownFileType = sourcecode.swift; path = SearchLocations.swift; sourceTree = "<group>"; };
		E1C272EB238C8AB7003E3654 /* RPLocation.swift */ = {isa = PBXFileReference; lastKnownFileType = sourcecode.swift; path = RPLocation.swift; sourceTree = "<group>"; };
		E1C272ED238C8B56003E3654 /* Consumer.swift */ = {isa = PBXFileReference; lastKnownFileType = sourcecode.swift; path = Consumer.swift; sourceTree = "<group>"; };
		E1C272EF238CA1B9003E3654 /* RPLocationList.swift */ = {isa = PBXFileReference; lastKnownFileType = sourcecode.swift; path = RPLocationList.swift; sourceTree = "<group>"; };
		E1C272F3238CA32A003E3654 /* LocationRow.swift */ = {isa = PBXFileReference; lastKnownFileType = sourcecode.swift; path = LocationRow.swift; sourceTree = "<group>"; };
/* End PBXFileReference section */

/* Begin PBXFrameworksBuildPhase section */
		E150904E23644840009178AA /* Frameworks */ = {
			isa = PBXFrameworksBuildPhase;
			buildActionMask = 2147483647;
			files = (
			);
			runOnlyForDeploymentPostprocessing = 0;
		};
/* End PBXFrameworksBuildPhase section */

/* Begin PBXGroup section */
		E14D306423647D4F00FB79BF /* Address */ = {
			isa = PBXGroup;
			children = (
				E1C272F1238CA311003E3654 /* Search */,
				E14D306523647D6000FB79BF /* AddressInput.swift */,
				E14D3067236480CC00FB79BF /* UserLocation.swift */,
			);
			path = Address;
			sourceTree = "<group>";
		};
		E14D30692364816500FB79BF /* Views */ = {
			isa = PBXGroup;
			children = (
				E14D306A2364817B00FB79BF /* Utils */,
				E14D306423647D4F00FB79BF /* Address */,
				E14D306D2364E2E000FB79BF /* Contacts */,
				E14D305E23646EB100FB79BF /* TripsView.swift */,
				E14D306023646EF300FB79BF /* ContactsView.swift */,
				E14D306223646F0000FB79BF /* SettingsView.swift */,
			);
			path = Views;
			sourceTree = "<group>";
		};
		E14D306A2364817B00FB79BF /* Utils */ = {
			isa = PBXGroup;
			children = (
				E14D306B2364818A00FB79BF /* InputLabel.swift */,
				E14D309F2365D35000FB79BF /* Input.swift */,
				E172A782236641DB005BD166 /* Keyboard.swift */,
				E172A78723671FE7005BD166 /* LocationManager.swift */,
				E1C272E4238C8171003E3654 /* SearchBar.swift */,
			);
			path = Utils;
			sourceTree = "<group>";
		};
		E14D306D2364E2E000FB79BF /* Contacts */ = {
			isa = PBXGroup;
			children = (
				E14D306E2364E2FA00FB79BF /* EditContact.swift */,
				E14D30702364E46700FB79BF /* ContactRow.swift */,
			);
			path = Contacts;
			sourceTree = "<group>";
		};
		E14D309A2365AF0600FB79BF /* Database */ = {
			isa = PBXGroup;
			children = (
				E172A78423670CBD005BD166 /* Seeders */,
				E14D309B2365AF3200FB79BF /* Contact.swift */,
				E14D309D2365AFF800FB79BF /* Model.swift */,
				E172A78C23688F2C005BD166 /* Address.swift */,
			);
			path = Database;
			sourceTree = "<group>";
		};
		E150904823644840009178AA = {
			isa = PBXGroup;
			children = (
				E150905323644840009178AA /* Rejsebuddy */,
				E150905223644840009178AA /* Products */,
				E172A7892367297F005BD166 /* Frameworks */,
			);
			sourceTree = "<group>";
		};
		E150905223644840009178AA /* Products */ = {
			isa = PBXGroup;
			children = (
				E150905123644840009178AA /* Rejsebuddy.app */,
			);
			name = Products;
			sourceTree = "<group>";
		};
		E150905323644840009178AA /* Rejsebuddy */ = {
			isa = PBXGroup;
			children = (
				E1C272E6238C8A2F003E3654 /* API */,
				E14D309A2365AF0600FB79BF /* Database */,
				E14D30692364816500FB79BF /* Views */,
				E14D305A2364533E00FB79BF /* Localizable.strings */,
				E150905423644840009178AA /* AppDelegate.swift */,
				E150905623644840009178AA /* SceneDelegate.swift */,
				E150905823644840009178AA /* ContentView.swift */,
				E14D30972365AB2F00FB79BF /* Rejsebuddy.xcdatamodeld */,
				E150905A23644842009178AA /* Assets.xcassets */,
				E150905F23644842009178AA /* LaunchScreen.storyboard */,
				E150906223644842009178AA /* Info.plist */,
				E150905C23644842009178AA /* Preview Content */,
			);
			path = Rejsebuddy;
			sourceTree = "<group>";
		};
		E150905C23644842009178AA /* Preview Content */ = {
			isa = PBXGroup;
			children = (
				E150905D23644842009178AA /* Preview Assets.xcassets */,
			);
			path = "Preview Content";
			sourceTree = "<group>";
		};
		E172A78423670CBD005BD166 /* Seeders */ = {
			isa = PBXGroup;
			children = (
				E172A78523670CCB005BD166 /* ContactsSeeder.swift */,
			);
			path = Seeders;
			sourceTree = "<group>";
		};
		E172A7892367297F005BD166 /* Frameworks */ = {
			isa = PBXGroup;
			children = (
				E172A78A23672980005BD166 /* CoreLocation.framework */,
			);
			name = Frameworks;
			sourceTree = "<group>";
		};
		E1C272E6238C8A2F003E3654 /* API */ = {
			isa = PBXGroup;
			children = (
				E1C272EA238C8A97003E3654 /* Models */,
				E1C272E9238C8A8C003E3654 /* Tasks */,
				E1C272ED238C8B56003E3654 /* Consumer.swift */,
			);
			path = API;
			sourceTree = "<group>";
		};
		E1C272E9238C8A8C003E3654 /* Tasks */ = {
			isa = PBXGroup;
			children = (
				E1C272E7238C8A52003E3654 /* SearchLocations.swift */,
			);
			path = Tasks;
			sourceTree = "<group>";
		};
		E1C272EA238C8A97003E3654 /* Models */ = {
			isa = PBXGroup;
			children = (
				E1C272EB238C8AB7003E3654 /* RPLocation.swift */,
				E1C272EF238CA1B9003E3654 /* RPLocationList.swift */,
			);
			path = Models;
			sourceTree = "<group>";
		};
		E1C272F1238CA311003E3654 /* Search */ = {
			isa = PBXGroup;
			children = (
				E1C272E2238C7D86003E3654 /* SelectAddress.swift */,
				E1C272F3238CA32A003E3654 /* LocationRow.swift */,
			);
			path = Search;
			sourceTree = "<group>";
		};
/* End PBXGroup section */

/* Begin PBXNativeTarget section */
		E150905023644840009178AA /* Rejsebuddy */ = {
			isa = PBXNativeTarget;
			buildConfigurationList = E150906523644842009178AA /* Build configuration list for PBXNativeTarget "Rejsebuddy" */;
			buildPhases = (
				E150904D23644840009178AA /* Sources */,
				E150904E23644840009178AA /* Frameworks */,
				E150904F23644840009178AA /* Resources */,
			);
			buildRules = (
			);
			dependencies = (
			);
			name = Rejsebuddy;
			productName = Rejsebuddy;
			productReference = E150905123644840009178AA /* Rejsebuddy.app */;
			productType = "com.apple.product-type.application";
		};
/* End PBXNativeTarget section */

/* Begin PBXProject section */
		E150904923644840009178AA /* Project object */ = {
			isa = PBXProject;
			attributes = {
				LastSwiftUpdateCheck = 1100;
				LastUpgradeCheck = 1100;
				ORGANIZATIONNAME = Prepager;
				TargetAttributes = {
					E150905023644840009178AA = {
						CreatedOnToolsVersion = 11.0;
					};
				};
			};
			buildConfigurationList = E150904C23644840009178AA /* Build configuration list for PBXProject "Rejsebuddy" */;
			compatibilityVersion = "Xcode 9.3";
			developmentRegion = da;
			hasScannedForEncodings = 0;
			knownRegions = (
				en,
				Base,
				da,
			);
			mainGroup = E150904823644840009178AA;
			productRefGroup = E150905223644840009178AA /* Products */;
			projectDirPath = "";
			projectRoot = "";
			targets = (
				E150905023644840009178AA /* Rejsebuddy */,
			);
		};
/* End PBXProject section */

/* Begin PBXResourcesBuildPhase section */
		E150904F23644840009178AA /* Resources */ = {
			isa = PBXResourcesBuildPhase;
			buildActionMask = 2147483647;
			files = (
				E150906123644842009178AA /* LaunchScreen.storyboard in Resources */,
				E14D30582364533E00FB79BF /* Localizable.strings in Resources */,
				E150905E23644842009178AA /* Preview Assets.xcassets in Resources */,
				E150905B23644842009178AA /* Assets.xcassets in Resources */,
			);
			runOnlyForDeploymentPostprocessing = 0;
		};
/* End PBXResourcesBuildPhase section */

/* Begin PBXSourcesBuildPhase section */
		E150904D23644840009178AA /* Sources */ = {
			isa = PBXSourcesBuildPhase;
			buildActionMask = 2147483647;
			files = (
				E14D30A02365D35000FB79BF /* Input.swift in Sources */,
				E1C272EC238C8AB7003E3654 /* RPLocation.swift in Sources */,
				E14D309E2365AFF800FB79BF /* Model.swift in Sources */,
				E150905523644840009178AA /* AppDelegate.swift in Sources */,
				E150905723644840009178AA /* SceneDelegate.swift in Sources */,
				E150905923644840009178AA /* ContentView.swift in Sources */,
				E172A78D23688F2C005BD166 /* Address.swift in Sources */,
				E172A783236641DB005BD166 /* Keyboard.swift in Sources */,
				E14D306323646F0000FB79BF /* SettingsView.swift in Sources */,
				E14D30712364E46700FB79BF /* ContactRow.swift in Sources */,
				E1C272F0238CA1B9003E3654 /* RPLocationList.swift in Sources */,
				E172A78823671FE7005BD166 /* LocationManager.swift in Sources */,
				E14D309C2365AF3200FB79BF /* Contact.swift in Sources */,
				E172A78623670CCB005BD166 /* ContactsSeeder.swift in Sources */,
				E1C272E3238C7D86003E3654 /* SelectAddress.swift in Sources */,
				E14D306123646EF300FB79BF /* ContactsView.swift in Sources */,
				E1C272E8238C8A52003E3654 /* SearchLocations.swift in Sources */,
				E1C272E5238C8171003E3654 /* SearchBar.swift in Sources */,
				E14D3068236480CC00FB79BF /* UserLocation.swift in Sources */,
				E1C272F4238CA32A003E3654 /* LocationRow.swift in Sources */,
				E14D30992365AB2F00FB79BF /* Rejsebuddy.xcdatamodeld in Sources */,
				E14D306F2364E2FA00FB79BF /* EditContact.swift in Sources */,
				E14D305F23646EB100FB79BF /* TripsView.swift in Sources */,
				E1C272EE238C8B56003E3654 /* Consumer.swift in Sources */,
				E14D306C2364818A00FB79BF /* InputLabel.swift in Sources */,
				E14D306623647D6000FB79BF /* AddressInput.swift in Sources */,
			);
			runOnlyForDeploymentPostprocessing = 0;
		};
/* End PBXSourcesBuildPhase section */

/* Begin PBXVariantGroup section */
		E14D305A2364533E00FB79BF /* Localizable.strings */ = {
			isa = PBXVariantGroup;
			children = (
				E14D305B2364535900FB79BF /* da */,
			);
			name = Localizable.strings;
			sourceTree = "<group>";
		};
		E150905F23644842009178AA /* LaunchScreen.storyboard */ = {
			isa = PBXVariantGroup;
			children = (
				E150906023644842009178AA /* Base */,
			);
			name = LaunchScreen.storyboard;
			sourceTree = "<group>";
		};
/* End PBXVariantGroup section */

/* Begin XCBuildConfiguration section */
		E150906323644842009178AA /* Debug */ = {
			isa = XCBuildConfiguration;
			buildSettings = {
				ALWAYS_SEARCH_USER_PATHS = NO;
				CLANG_ANALYZER_LOCALIZABILITY_NONLOCALIZED = YES;
				CLANG_ANALYZER_NONNULL = YES;
				CLANG_ANALYZER_NUMBER_OBJECT_CONVERSION = YES_AGGRESSIVE;
				CLANG_CXX_LANGUAGE_STANDARD = "gnu++14";
				CLANG_CXX_LIBRARY = "libc++";
				CLANG_ENABLE_MODULES = YES;
				CLANG_ENABLE_OBJC_ARC = YES;
				CLANG_ENABLE_OBJC_WEAK = YES;
				CLANG_WARN_BLOCK_CAPTURE_AUTORELEASING = YES;
				CLANG_WARN_BOOL_CONVERSION = YES;
				CLANG_WARN_COMMA = YES;
				CLANG_WARN_CONSTANT_CONVERSION = YES;
				CLANG_WARN_DEPRECATED_OBJC_IMPLEMENTATIONS = YES;
				CLANG_WARN_DIRECT_OBJC_ISA_USAGE = YES_ERROR;
				CLANG_WARN_DOCUMENTATION_COMMENTS = YES;
				CLANG_WARN_EMPTY_BODY = YES;
				CLANG_WARN_ENUM_CONVERSION = YES;
				CLANG_WARN_INFINITE_RECURSION = YES;
				CLANG_WARN_INT_CONVERSION = YES;
				CLANG_WARN_NON_LITERAL_NULL_CONVERSION = YES;
				CLANG_WARN_OBJC_IMPLICIT_RETAIN_SELF = YES;
				CLANG_WARN_OBJC_LITERAL_CONVERSION = YES;
				CLANG_WARN_OBJC_ROOT_CLASS = YES_ERROR;
				CLANG_WARN_RANGE_LOOP_ANALYSIS = YES;
				CLANG_WARN_STRICT_PROTOTYPES = YES;
				CLANG_WARN_SUSPICIOUS_MOVE = YES;
				CLANG_WARN_UNGUARDED_AVAILABILITY = YES_AGGRESSIVE;
				CLANG_WARN_UNREACHABLE_CODE = YES;
				CLANG_WARN__DUPLICATE_METHOD_MATCH = YES;
				COPY_PHASE_STRIP = NO;
				DEBUG_INFORMATION_FORMAT = dwarf;
				ENABLE_STRICT_OBJC_MSGSEND = YES;
				ENABLE_TESTABILITY = YES;
				GCC_C_LANGUAGE_STANDARD = gnu11;
				GCC_DYNAMIC_NO_PIC = NO;
				GCC_NO_COMMON_BLOCKS = YES;
				GCC_OPTIMIZATION_LEVEL = 0;
				GCC_PREPROCESSOR_DEFINITIONS = (
					"DEBUG=1",
					"$(inherited)",
				);
				GCC_WARN_64_TO_32_BIT_CONVERSION = YES;
				GCC_WARN_ABOUT_RETURN_TYPE = YES_ERROR;
				GCC_WARN_UNDECLARED_SELECTOR = YES;
				GCC_WARN_UNINITIALIZED_AUTOS = YES_AGGRESSIVE;
				GCC_WARN_UNUSED_FUNCTION = YES;
				GCC_WARN_UNUSED_VARIABLE = YES;
				IPHONEOS_DEPLOYMENT_TARGET = 13.0;
				MTL_ENABLE_DEBUG_INFO = INCLUDE_SOURCE;
				MTL_FAST_MATH = YES;
				ONLY_ACTIVE_ARCH = YES;
				SDKROOT = iphoneos;
				SWIFT_ACTIVE_COMPILATION_CONDITIONS = DEBUG;
				SWIFT_OPTIMIZATION_LEVEL = "-Onone";
			};
			name = Debug;
		};
		E150906423644842009178AA /* Release */ = {
			isa = XCBuildConfiguration;
			buildSettings = {
				ALWAYS_SEARCH_USER_PATHS = NO;
				CLANG_ANALYZER_LOCALIZABILITY_NONLOCALIZED = YES;
				CLANG_ANALYZER_NONNULL = YES;
				CLANG_ANALYZER_NUMBER_OBJECT_CONVERSION = YES_AGGRESSIVE;
				CLANG_CXX_LANGUAGE_STANDARD = "gnu++14";
				CLANG_CXX_LIBRARY = "libc++";
				CLANG_ENABLE_MODULES = YES;
				CLANG_ENABLE_OBJC_ARC = YES;
				CLANG_ENABLE_OBJC_WEAK = YES;
				CLANG_WARN_BLOCK_CAPTURE_AUTORELEASING = YES;
				CLANG_WARN_BOOL_CONVERSION = YES;
				CLANG_WARN_COMMA = YES;
				CLANG_WARN_CONSTANT_CONVERSION = YES;
				CLANG_WARN_DEPRECATED_OBJC_IMPLEMENTATIONS = YES;
				CLANG_WARN_DIRECT_OBJC_ISA_USAGE = YES_ERROR;
				CLANG_WARN_DOCUMENTATION_COMMENTS = YES;
				CLANG_WARN_EMPTY_BODY = YES;
				CLANG_WARN_ENUM_CONVERSION = YES;
				CLANG_WARN_INFINITE_RECURSION = YES;
				CLANG_WARN_INT_CONVERSION = YES;
				CLANG_WARN_NON_LITERAL_NULL_CONVERSION = YES;
				CLANG_WARN_OBJC_IMPLICIT_RETAIN_SELF = YES;
				CLANG_WARN_OBJC_LITERAL_CONVERSION = YES;
				CLANG_WARN_OBJC_ROOT_CLASS = YES_ERROR;
				CLANG_WARN_RANGE_LOOP_ANALYSIS = YES;
				CLANG_WARN_STRICT_PROTOTYPES = YES;
				CLANG_WARN_SUSPICIOUS_MOVE = YES;
				CLANG_WARN_UNGUARDED_AVAILABILITY = YES_AGGRESSIVE;
				CLANG_WARN_UNREACHABLE_CODE = YES;
				CLANG_WARN__DUPLICATE_METHOD_MATCH = YES;
				COPY_PHASE_STRIP = NO;
				DEBUG_INFORMATION_FORMAT = "dwarf-with-dsym";
				ENABLE_NS_ASSERTIONS = NO;
				ENABLE_STRICT_OBJC_MSGSEND = YES;
				GCC_C_LANGUAGE_STANDARD = gnu11;
				GCC_NO_COMMON_BLOCKS = YES;
				GCC_WARN_64_TO_32_BIT_CONVERSION = YES;
				GCC_WARN_ABOUT_RETURN_TYPE = YES_ERROR;
				GCC_WARN_UNDECLARED_SELECTOR = YES;
				GCC_WARN_UNINITIALIZED_AUTOS = YES_AGGRESSIVE;
				GCC_WARN_UNUSED_FUNCTION = YES;
				GCC_WARN_UNUSED_VARIABLE = YES;
				IPHONEOS_DEPLOYMENT_TARGET = 13.0;
				MTL_ENABLE_DEBUG_INFO = NO;
				MTL_FAST_MATH = YES;
				SDKROOT = iphoneos;
				SWIFT_COMPILATION_MODE = wholemodule;
				SWIFT_OPTIMIZATION_LEVEL = "-O";
				VALIDATE_PRODUCT = YES;
			};
			name = Release;
		};
		E150906623644842009178AA /* Debug */ = {
			isa = XCBuildConfiguration;
			buildSettings = {
				ASSETCATALOG_COMPILER_APPICON_NAME = AppIcon;
				CODE_SIGN_STYLE = Automatic;
				DEVELOPMENT_ASSET_PATHS = "\"Rejsebuddy/Preview Content\"";
				DEVELOPMENT_TEAM = 2DM29V72LY;
				ENABLE_PREVIEWS = YES;
				INFOPLIST_FILE = Rejsebuddy/Info.plist;
				IPHONEOS_DEPLOYMENT_TARGET = 13.1;
				LD_RUNPATH_SEARCH_PATHS = (
					"$(inherited)",
					"@executable_path/Frameworks",
				);
				PRODUCT_BUNDLE_IDENTIFIER = com.Rejsebuddy;
				PRODUCT_NAME = "$(TARGET_NAME)";
				SWIFT_VERSION = 5.0;
				TARGETED_DEVICE_FAMILY = "1,2";
			};
			name = Debug;
		};
		E150906723644842009178AA /* Release */ = {
			isa = XCBuildConfiguration;
			buildSettings = {
				ASSETCATALOG_COMPILER_APPICON_NAME = AppIcon;
				CODE_SIGN_STYLE = Automatic;
				DEVELOPMENT_ASSET_PATHS = "\"Rejsebuddy/Preview Content\"";
				DEVELOPMENT_TEAM = 2DM29V72LY;
				ENABLE_PREVIEWS = YES;
				INFOPLIST_FILE = Rejsebuddy/Info.plist;
				IPHONEOS_DEPLOYMENT_TARGET = 13.1;
				LD_RUNPATH_SEARCH_PATHS = (
					"$(inherited)",
					"@executable_path/Frameworks",
				);
				PRODUCT_BUNDLE_IDENTIFIER = com.Rejsebuddy;
				PRODUCT_NAME = "$(TARGET_NAME)";
				SWIFT_VERSION = 5.0;
				TARGETED_DEVICE_FAMILY = "1,2";
			};
			name = Release;
		};
/* End XCBuildConfiguration section */

/* Begin XCConfigurationList section */
		E150904C23644840009178AA /* Build configuration list for PBXProject "Rejsebuddy" */ = {
			isa = XCConfigurationList;
			buildConfigurations = (
				E150906323644842009178AA /* Debug */,
				E150906423644842009178AA /* Release */,
			);
			defaultConfigurationIsVisible = 0;
			defaultConfigurationName = Release;
		};
		E150906523644842009178AA /* Build configuration list for PBXNativeTarget "Rejsebuddy" */ = {
			isa = XCConfigurationList;
			buildConfigurations = (
				E150906623644842009178AA /* Debug */,
				E150906723644842009178AA /* Release */,
			);
			defaultConfigurationIsVisible = 0;
			defaultConfigurationName = Release;
		};
/* End XCConfigurationList section */

/* Begin XCVersionGroup section */
		E14D30972365AB2F00FB79BF /* Rejsebuddy.xcdatamodeld */ = {
			isa = XCVersionGroup;
			children = (
				E14D30982365AB2F00FB79BF /* Rejsebuddy.xcdatamodel */,
			);
			currentVersion = E14D30982365AB2F00FB79BF /* Rejsebuddy.xcdatamodel */;
			path = Rejsebuddy.xcdatamodeld;
			sourceTree = "<group>";
			versionGroupType = wrapper.xcdatamodel;
		};
/* End XCVersionGroup section */
	};
	rootObject = E150904923644840009178AA /* Project object */;
}
